{
    "_meta": {
        "hash": {
            "sha256": "e75a8bceb18b7553906928e975985ddf5c16758330374c72dd1b72a50f8456e4"
        },
        "pipfile-spec": 6,
        "requires": {
            "python_version": "3.7"
        },
        "sources": [
            {
                "name": "pypi",
                "url": "https://pypi.org/simple",
                "verify_ssl": true
            }
        ]
    },
    "default": {
        "dc-cli": {
            "path": "."
        }
    },
    "develop": {}
}
